
Microsoft Visual Studio Solution File, Format Version 12.00
# Visual Studio Version 17
VisualStudioVersion = 17.3.32505.426
MinimumVisualStudioVersion = 10.0.40219.1
Project("{FAE04EC0-301F-11D3-BF4B-00C04F79EFBC}") = "WeatherAppUI", "WeatherAppUI\WeatherAppUI.csproj", "{7502EA0A-5576-4CB3-9344-8504A2F86CF6}"
EndProject
Global
	GlobalSection(SolutionConfigurationPlatforms) = preSolution
		Debug|Any CPU = Debug|Any CPU
		Release|Any CPU = Release|Any CPU
	EndGlobalSection
	GlobalSection(ProjectConfigurationPlatforms) = postSolution
		{7502EA0A-5576-4CB3-9344-8504A2F86CF6}.Debug|Any CPU.ActiveCfg = Debug|Any CPU
		{7502EA0A-5576-4CB3-9344-8504A2F86CF6}.Debug|Any CPU.Build.0 = Debug|Any CPU
		{7502EA0A-5576-4CB3-9344-8504A2F86CF6}.Release|Any CPU.ActiveCfg = Release|Any CPU
		{7502EA0A-5576-4CB3-9344-8504A2F86CF6}.Release|Any CPU.Build.0 = Release|Any CPU
	EndGlobalSection
	GlobalSection(SolutionProperties) = preSolution
		HideSolutionNode = FALSE
	EndGlobalSection
	GlobalSection(ExtensibilityGlobals) = postSolution
		SolutionGuid = {17F5DEA3-95A5-429A-9D27-138CB89DE685}
	EndGlobalSection
EndGlobal
